
Microsoft Visual Studio Solution File, Format Version 12.00
# Visual Studio Version 16
VisualStudioVersion = 16.0.30114.105
MinimumVisualStudioVersion = 10.0.40219.1
Project("{FAE04EC0-301F-11D3-BF4B-00C04F79EFBC}") = "PaintTranslator", "PaintTranslator.csproj", "{9FEC164A-EFFE-4A3A-A9FB-7635CCA3A68E}"
EndProject
Project("{FAE04EC0-301F-11D3-BF4B-00C04F79EFBC}") = "PaintTranslator.BlendTests", "BlendTests\PaintTranslator.BlendTests.csproj", "{8F0E2490-F555-4237-A376-77B538A17BAB}"
EndProject
Project("{2150E333-8FDC-42A3-9474-1A3956D46DE8}") = "Tests", "Tests", "{0AB3BF05-4346-4AA6-1389-037BE0695223}"
EndProject
Project("{FAE04EC0-301F-11D3-BF4B-00C04F79EFBC}") = "PaintTranslator.Tests", "Tests\PaintTranslator.Tests.csproj", "{71418A9A-B2F8-4F0B-8D10-33CFC9809A61}"
EndProject
Project("{2150E333-8FDC-42A3-9474-1A3956D46DE8}") = "Tools", "Tools", "{07C2787E-EAC7-C090-1BA3-A61EC2A24D84}"
EndProject
Project("{FAE04EC0-301F-11D3-BF4B-00C04F79EFBC}") = "IngestSpectra", "Tools\IngestSpectra\IngestSpectra.csproj", "{B4061B55-D34D-4538-99AB-05A493000A48}"
EndProject
Project("{FAE04EC0-301F-11D3-BF4B-00C04F79EFBC}") = "PaintTranslator.Benchmarks", "Tools\BenchmarkConversion\PaintTranslator.Benchmarks.csproj", "{9843C7C9-8A0A-4F2E-AE85-1FB2032B6693}"
EndProject
Project("{2150E333-8FDC-42A3-9474-1A3956D46DE8}") = "Core", "Core", "{FBF56CC3-7AE6-AD2D-3F14-7F97FD322CD6}"
EndProject
Project("{FAE04EC0-301F-11D3-BF4B-00C04F79EFBC}") = "PaintTranslator.Core", "Core\PaintTranslator.Core.csproj", "{7C2C8EC7-A98C-4CAE-B621-2BCC8DC1BA1A}"
EndProject
Project("{FAE04EC0-301F-11D3-BF4B-00C04F79EFBC}") = "PaintTranslator.Windows.Tests", "Tests.Windows\PaintTranslator.Windows.Tests.csproj", "{C0772483-D0C2-44BE-8D97-B6BAE360FC55}"
EndProject
Project("{2150E333-8FDC-42A3-9474-1A3956D46DE8}") = "Web", "Web", "{256F4E96-6A73-9ABE-786F-840C672A50F4}"
EndProject
Project("{FAE04EC0-301F-11D3-BF4B-00C04F79EFBC}") = "PaintTranslator.Web", "Web\PaintTranslator.Web.csproj", "{E9225BE7-088D-4308-8098-6F6805787501}"
EndProject
Project("{2150E333-8FDC-42A3-9474-1A3956D46DE8}") = "Tests.Web", "Tests.Web", "{00A4D55B-B944-628D-A0A3-F6EBAE7D3623}"
EndProject
Project("{FAE04EC0-301F-11D3-BF4B-00C04F79EFBC}") = "PaintTranslator.Web.Tests", "Tests.Web\PaintTranslator.Web.Tests.csproj", "{A9BF1AEE-D717-4E03-8290-2EC7184EB79B}"
EndProject
Global
	GlobalSection(SolutionConfigurationPlatforms) = preSolution
		Debug|Any CPU = Debug|Any CPU
		Debug|x64 = Debug|x64
		Debug|x86 = Debug|x86
		Release|Any CPU = Release|Any CPU
		Release|x64 = Release|x64
		Release|x86 = Release|x86
	EndGlobalSection
	GlobalSection(ProjectConfigurationPlatforms) = postSolution
		{9FEC164A-EFFE-4A3A-A9FB-7635CCA3A68E}.Debug|Any CPU.ActiveCfg = Debug|Any CPU
		{9FEC164A-EFFE-4A3A-A9FB-7635CCA3A68E}.Debug|Any CPU.Build.0 = Debug|Any CPU
		{9FEC164A-EFFE-4A3A-A9FB-7635CCA3A68E}.Debug|x64.ActiveCfg = Debug|Any CPU
		{9FEC164A-EFFE-4A3A-A9FB-7635CCA3A68E}.Debug|x64.Build.0 = Debug|Any CPU
		{9FEC164A-EFFE-4A3A-A9FB-7635CCA3A68E}.Debug|x86.ActiveCfg = Debug|Any CPU
		{9FEC164A-EFFE-4A3A-A9FB-7635CCA3A68E}.Debug|x86.Build.0 = Debug|Any CPU
		{9FEC164A-EFFE-4A3A-A9FB-7635CCA3A68E}.Release|Any CPU.ActiveCfg = Release|Any CPU
		{9FEC164A-EFFE-4A3A-A9FB-7635CCA3A68E}.Release|Any CPU.Build.0 = Release|Any CPU
		{9FEC164A-EFFE-4A3A-A9FB-7635CCA3A68E}.Release|x64.ActiveCfg = Release|Any CPU
		{9FEC164A-EFFE-4A3A-A9FB-7635CCA3A68E}.Release|x64.Build.0 = Release|Any CPU
		{9FEC164A-EFFE-4A3A-A9FB-7635CCA3A68E}.Release|x86.ActiveCfg = Release|Any CPU
		{9FEC164A-EFFE-4A3A-A9FB-7635CCA3A68E}.Release|x86.Build.0 = Release|Any CPU
		{8F0E2490-F555-4237-A376-77B538A17BAB}.Debug|Any CPU.ActiveCfg = Debug|Any CPU
		{8F0E2490-F555-4237-A376-77B538A17BAB}.Debug|Any CPU.Build.0 = Debug|Any CPU
		{8F0E2490-F555-4237-A376-77B538A17BAB}.Debug|x64.ActiveCfg = Debug|Any CPU
		{8F0E2490-F555-4237-A376-77B538A17BAB}.Debug|x64.Build.0 = Debug|Any CPU
		{8F0E2490-F555-4237-A376-77B538A17BAB}.Debug|x86.ActiveCfg = Debug|Any CPU
		{8F0E2490-F555-4237-A376-77B538A17BAB}.Debug|x86.Build.0 = Debug|Any CPU
		{8F0E2490-F555-4237-A376-77B538A17BAB}.Release|Any CPU.ActiveCfg = Release|Any CPU
		{8F0E2490-F555-4237-A376-77B538A17BAB}.Release|Any CPU.Build.0 = Release|Any CPU
		{8F0E2490-F555-4237-A376-77B538A17BAB}.Release|x64.ActiveCfg = Release|Any CPU
		{8F0E2490-F555-4237-A376-77B538A17BAB}.Release|x64.Build.0 = Release|Any CPU
		{8F0E2490-F555-4237-A376-77B538A17BAB}.Release|x86.ActiveCfg = Release|Any CPU
		{8F0E2490-F555-4237-A376-77B538A17BAB}.Release|x86.Build.0 = Release|Any CPU
		{71418A9A-B2F8-4F0B-8D10-33CFC9809A61}.Debug|Any CPU.ActiveCfg = Debug|Any CPU
		{71418A9A-B2F8-4F0B-8D10-33CFC9809A61}.Debug|Any CPU.Build.0 = Debug|Any CPU
		{71418A9A-B2F8-4F0B-8D10-33CFC9809A61}.Debug|x64.ActiveCfg = Debug|Any CPU
		{71418A9A-B2F8-4F0B-8D10-33CFC9809A61}.Debug|x64.Build.0 = Debug|Any CPU
		{71418A9A-B2F8-4F0B-8D10-33CFC9809A61}.Debug|x86.ActiveCfg = Debug|Any CPU
		{71418A9A-B2F8-4F0B-8D10-33CFC9809A61}.Debug|x86.Build.0 = Debug|Any CPU
		{71418A9A-B2F8-4F0B-8D10-33CFC9809A61}.Release|Any CPU.ActiveCfg = Release|Any CPU
		{71418A9A-B2F8-4F0B-8D10-33CFC9809A61}.Release|Any CPU.Build.0 = Release|Any CPU
		{71418A9A-B2F8-4F0B-8D10-33CFC9809A61}.Release|x64.ActiveCfg = Release|Any CPU
		{71418A9A-B2F8-4F0B-8D10-33CFC9809A61}.Release|x64.Build.0 = Release|Any CPU
		{71418A9A-B2F8-4F0B-8D10-33CFC9809A61}.Release|x86.ActiveCfg = Release|Any CPU
		{71418A9A-B2F8-4F0B-8D10-33CFC9809A61}.Release|x86.Build.0 = Release|Any CPU
		{B4061B55-D34D-4538-99AB-05A493000A48}.Debug|Any CPU.ActiveCfg = Debug|Any CPU
		{B4061B55-D34D-4538-99AB-05A493000A48}.Debug|Any CPU.Build.0 = Debug|Any CPU
		{B4061B55-D34D-4538-99AB-05A493000A48}.Debug|x64.ActiveCfg = Debug|Any CPU
		{B4061B55-D34D-4538-99AB-05A493000A48}.Debug|x64.Build.0 = Debug|Any CPU
		{B4061B55-D34D-4538-99AB-05A493000A48}.Debug|x86.ActiveCfg = Debug|Any CPU
		{B4061B55-D34D-4538-99AB-05A493000A48}.Debug|x86.Build.0 = Debug|Any CPU
		{B4061B55-D34D-4538-99AB-05A493000A48}.Release|Any CPU.ActiveCfg = Release|Any CPU
		{B4061B55-D34D-4538-99AB-05A493000A48}.Release|Any CPU.Build.0 = Release|Any CPU
		{B4061B55-D34D-4538-99AB-05A493000A48}.Release|x64.ActiveCfg = Release|Any CPU
		{B4061B55-D34D-4538-99AB-05A493000A48}.Release|x64.Build.0 = Release|Any CPU
		{B4061B55-D34D-4538-99AB-05A493000A48}.Release|x86.ActiveCfg = Release|Any CPU
		{B4061B55-D34D-4538-99AB-05A493000A48}.Release|x86.Build.0 = Release|Any CPU
		{9843C7C9-8A0A-4F2E-AE85-1FB2032B6693}.Debug|Any CPU.ActiveCfg = Debug|Any CPU
		{9843C7C9-8A0A-4F2E-AE85-1FB2032B6693}.Debug|Any CPU.Build.0 = Debug|Any CPU
		{9843C7C9-8A0A-4F2E-AE85-1FB2032B6693}.Debug|x64.ActiveCfg = Debug|Any CPU
		{9843C7C9-8A0A-4F2E-AE85-1FB2032B6693}.Debug|x64.Build.0 = Debug|Any CPU
		{9843C7C9-8A0A-4F2E-AE85-1FB2032B6693}.Debug|x86.ActiveCfg = Debug|Any CPU
		{9843C7C9-8A0A-4F2E-AE85-1FB2032B6693}.Debug|x86.Build.0 = Debug|Any CPU
		{9843C7C9-8A0A-4F2E-AE85-1FB2032B6693}.Release|Any CPU.ActiveCfg = Release|Any CPU
		{9843C7C9-8A0A-4F2E-AE85-1FB2032B6693}.Release|Any CPU.Build.0 = Release|Any CPU
		{9843C7C9-8A0A-4F2E-AE85-1FB2032B6693}.Release|x64.ActiveCfg = Release|Any CPU
		{9843C7C9-8A0A-4F2E-AE85-1FB2032B6693}.Release|x64.Build.0 = Release|Any CPU
		{9843C7C9-8A0A-4F2E-AE85-1FB2032B6693}.Release|x86.ActiveCfg = Release|Any CPU
		{9843C7C9-8A0A-4F2E-AE85-1FB2032B6693}.Release|x86.Build.0 = Release|Any CPU
		{7C2C8EC7-A98C-4CAE-B621-2BCC8DC1BA1A}.Debug|Any CPU.ActiveCfg = Debug|Any CPU
		{7C2C8EC7-A98C-4CAE-B621-2BCC8DC1BA1A}.Debug|Any CPU.Build.0 = Debug|Any CPU
		{7C2C8EC7-A98C-4CAE-B621-2BCC8DC1BA1A}.Debug|x64.ActiveCfg = Debug|Any CPU
		{7C2C8EC7-A98C-4CAE-B621-2BCC8DC1BA1A}.Debug|x64.Build.0 = Debug|Any CPU
		{7C2C8EC7-A98C-4CAE-B621-2BCC8DC1BA1A}.Debug|x86.ActiveCfg = Debug|Any CPU
		{7C2C8EC7-A98C-4CAE-B621-2BCC8DC1BA1A}.Debug|x86.Build.0 = Debug|Any CPU
		{7C2C8EC7-A98C-4CAE-B621-2BCC8DC1BA1A}.Release|Any CPU.ActiveCfg = Release|Any CPU
		{7C2C8EC7-A98C-4CAE-B621-2BCC8DC1BA1A}.Release|Any CPU.Build.0 = Release|Any CPU
		{7C2C8EC7-A98C-4CAE-B621-2BCC8DC1BA1A}.Release|x64.ActiveCfg = Release|Any CPU
		{7C2C8EC7-A98C-4CAE-B621-2BCC8DC1BA1A}.Release|x64.Build.0 = Release|Any CPU
		{7C2C8EC7-A98C-4CAE-B621-2BCC8DC1BA1A}.Release|x86.ActiveCfg = Release|Any CPU
		{7C2C8EC7-A98C-4CAE-B621-2BCC8DC1BA1A}.Release|x86.Build.0 = Release|Any CPU
		{C0772483-D0C2-44BE-8D97-B6BAE360FC55}.Debug|Any CPU.ActiveCfg = Debug|Any CPU
		{C0772483-D0C2-44BE-8D97-B6BAE360FC55}.Debug|Any CPU.Build.0 = Debug|Any CPU
		{C0772483-D0C2-44BE-8D97-B6BAE360FC55}.Debug|x64.ActiveCfg = Debug|Any CPU
		{C0772483-D0C2-44BE-8D97-B6BAE360FC55}.Debug|x64.Build.0 = Debug|Any CPU
		{C0772483-D0C2-44BE-8D97-B6BAE360FC55}.Debug|x86.ActiveCfg = Debug|Any CPU
		{C0772483-D0C2-44BE-8D97-B6BAE360FC55}.Debug|x86.Build.0 = Debug|Any CPU
		{C0772483-D0C2-44BE-8D97-B6BAE360FC55}.Release|Any CPU.ActiveCfg = Release|Any CPU
		{C0772483-D0C2-44BE-8D97-B6BAE360FC55}.Release|Any CPU.Build.0 = Release|Any CPU
		{C0772483-D0C2-44BE-8D97-B6BAE360FC55}.Release|x64.ActiveCfg = Release|Any CPU
		{C0772483-D0C2-44BE-8D97-B6BAE360FC55}.Release|x64.Build.0 = Release|Any CPU
		{C0772483-D0C2-44BE-8D97-B6BAE360FC55}.Release|x86.ActiveCfg = Release|Any CPU
		{C0772483-D0C2-44BE-8D97-B6BAE360FC55}.Release|x86.Build.0 = Release|Any CPU
		{E9225BE7-088D-4308-8098-6F6805787501}.Debug|Any CPU.ActiveCfg = Debug|Any CPU
		{E9225BE7-088D-4308-8098-6F6805787501}.Debug|Any CPU.Build.0 = Debug|Any CPU
		{E9225BE7-088D-4308-8098-6F6805787501}.Debug|x64.ActiveCfg = Debug|Any CPU
		{E9225BE7-088D-4308-8098-6F6805787501}.Debug|x64.Build.0 = Debug|Any CPU
		{E9225BE7-088D-4308-8098-6F6805787501}.Debug|x86.ActiveCfg = Debug|Any CPU
		{E9225BE7-088D-4308-8098-6F6805787501}.Debug|x86.Build.0 = Debug|Any CPU
		{E9225BE7-088D-4308-8098-6F6805787501}.Release|Any CPU.ActiveCfg = Release|Any CPU
		{E9225BE7-088D-4308-8098-6F6805787501}.Release|Any CPU.Build.0 = Release|Any CPU
		{E9225BE7-088D-4308-8098-6F6805787501}.Release|x64.ActiveCfg = Release|Any CPU
		{E9225BE7-088D-4308-8098-6F6805787501}.Release|x64.Build.0 = Release|Any CPU
		{E9225BE7-088D-4308-8098-6F6805787501}.Release|x86.ActiveCfg = Release|Any CPU
		{E9225BE7-088D-4308-8098-6F6805787501}.Release|x86.Build.0 = Release|Any CPU
		{A9BF1AEE-D717-4E03-8290-2EC7184EB79B}.Debug|Any CPU.ActiveCfg = Debug|Any CPU
		{A9BF1AEE-D717-4E03-8290-2EC7184EB79B}.Debug|Any CPU.Build.0 = Debug|Any CPU
		{A9BF1AEE-D717-4E03-8290-2EC7184EB79B}.Debug|x64.ActiveCfg = Debug|Any CPU
		{A9BF1AEE-D717-4E03-8290-2EC7184EB79B}.Debug|x64.Build.0 = Debug|Any CPU
		{A9BF1AEE-D717-4E03-8290-2EC7184EB79B}.Debug|x86.ActiveCfg = Debug|Any CPU
		{A9BF1AEE-D717-4E03-8290-2EC7184EB79B}.Debug|x86.Build.0 = Debug|Any CPU
		{A9BF1AEE-D717-4E03-8290-2EC7184EB79B}.Release|Any CPU.ActiveCfg = Release|Any CPU
		{A9BF1AEE-D717-4E03-8290-2EC7184EB79B}.Release|Any CPU.Build.0 = Release|Any CPU
		{A9BF1AEE-D717-4E03-8290-2EC7184EB79B}.Release|x64.ActiveCfg = Release|Any CPU
		{A9BF1AEE-D717-4E03-8290-2EC7184EB79B}.Release|x64.Build.0 = Release|Any CPU
		{A9BF1AEE-D717-4E03-8290-2EC7184EB79B}.Release|x86.ActiveCfg = Release|Any CPU
		{A9BF1AEE-D717-4E03-8290-2EC7184EB79B}.Release|x86.Build.0 = Release|Any CPU
	EndGlobalSection
	GlobalSection(SolutionProperties) = preSolution
		HideSolutionNode = FALSE
	EndGlobalSection
	GlobalSection(NestedProjects) = preSolution
		{71418A9A-B2F8-4F0B-8D10-33CFC9809A61} = {0AB3BF05-4346-4AA6-1389-037BE0695223}
		{B4061B55-D34D-4538-99AB-05A493000A48} = {07C2787E-EAC7-C090-1BA3-A61EC2A24D84}
		{9843C7C9-8A0A-4F2E-AE85-1FB2032B6693} = {07C2787E-EAC7-C090-1BA3-A61EC2A24D84}
		{7C2C8EC7-A98C-4CAE-B621-2BCC8DC1BA1A} = {FBF56CC3-7AE6-AD2D-3F14-7F97FD322CD6}
		{C0772483-D0C2-44BE-8D97-B6BAE360FC55} = {0AB3BF05-4346-4AA6-1389-037BE0695223}
		{E9225BE7-088D-4308-8098-6F6805787501} = {256F4E96-6A73-9ABE-786F-840C672A50F4}
		{A9BF1AEE-D717-4E03-8290-2EC7184EB79B} = {00A4D55B-B944-628D-A0A3-F6EBAE7D3623}
	EndGlobalSection
EndGlobal
